
Microsoft Visual Studio Solution File, Format Version 12.00
# Visual Studio 14
VisualStudioVersion = 14.0.25420.1
MinimumVisualStudioVersion = 10.0.40219.1
Project("{FAE04EC0-301F-11D3-BF4B-00C04F79EFBC}") = "Guiuiui.Base", "Guiuiui.Base\Guiuiui.Base.csproj", "{C2B1A129-A67E-4E39-B921-51905ED0672A}"
EndProject
Project("{FAE04EC0-301F-11D3-BF4B-00C04F79EFBC}") = "TestBench", "TestBench\TestBench.csproj", "{65579D44-1EF7-4B63-8F2C-94A14CA3F2FC}"
	ProjectSection(ProjectDependencies) = postProject
		{E43D5F08-2293-49EF-861B-AA7E7FED669B} = {E43D5F08-2293-49EF-861B-AA7E7FED669B}
	EndProjectSection
EndProject
Project("{FAE04EC0-301F-11D3-BF4B-00C04F79EFBC}") = "Guiuiui.ViewModel", "Guiuiui.ViewModel\Guiuiui.ViewModel.csproj", "{4BE6803E-5A6A-4A5F-9CA1-FC038A99D8F0}"
EndProject
Project("{FAE04EC0-301F-11D3-BF4B-00C04F79EFBC}") = "Guiuiui.ViewModel.Services", "Guiuiui.ViewModel.Services\Guiuiui.ViewModel.Services.csproj", "{E43D5F08-2293-49EF-861B-AA7E7FED669B}"
EndProject
Project("{FAE04EC0-301F-11D3-BF4B-00C04F79EFBC}") = "Guiuiui.Tools", "Guiuiui.Tools\Guiuiui.Tools.csproj", "{2EB12FEB-2469-4729-95BD-FEE3A7C8433A}"
EndProject
Project("{FAE04EC0-301F-11D3-BF4B-00C04F79EFBC}") = "Guiuiui.Tools.Impl", "Guiuiui.Tools.Impl\Guiuiui.Tools.Impl.csproj", "{F606BB2B-90A1-49EE-8B72-BFFB0D85DF2A}"
EndProject
Global
	GlobalSection(SolutionConfigurationPlatforms) = preSolution
		Debug|Any CPU = Debug|Any CPU
		Release|Any CPU = Release|Any CPU
	EndGlobalSection
	GlobalSection(ProjectConfigurationPlatforms) = postSolution
		{C2B1A129-A67E-4E39-B921-51905ED0672A}.Debug|Any CPU.ActiveCfg = Debug|Any CPU
		{C2B1A129-A67E-4E39-B921-51905ED0672A}.Debug|Any CPU.Build.0 = Debug|Any CPU
		{C2B1A129-A67E-4E39-B921-51905ED0672A}.Release|Any CPU.ActiveCfg = Release|Any CPU
		{C2B1A129-A67E-4E39-B921-51905ED0672A}.Release|Any CPU.Build.0 = Release|Any CPU
		{65579D44-1EF7-4B63-8F2C-94A14CA3F2FC}.Debug|Any CPU.ActiveCfg = Debug|Any CPU
		{65579D44-1EF7-4B63-8F2C-94A14CA3F2FC}.Debug|Any CPU.Build.0 = Debug|Any CPU
		{65579D44-1EF7-4B63-8F2C-94A14CA3F2FC}.Release|Any CPU.ActiveCfg = Release|Any CPU
		{65579D44-1EF7-4B63-8F2C-94A14CA3F2FC}.Release|Any CPU.Build.0 = Release|Any CPU
		{4BE6803E-5A6A-4A5F-9CA1-FC038A99D8F0}.Debug|Any CPU.ActiveCfg = Debug|Any CPU
		{4BE6803E-5A6A-4A5F-9CA1-FC038A99D8F0}.Debug|Any CPU.Build.0 = Debug|Any CPU
		{4BE6803E-5A6A-4A5F-9CA1-FC038A99D8F0}.Release|Any CPU.ActiveCfg = Release|Any CPU
		{4BE6803E-5A6A-4A5F-9CA1-FC038A99D8F0}.Release|Any CPU.Build.0 = Release|Any CPU
		{E43D5F08-2293-49EF-861B-AA7E7FED669B}.Debug|Any CPU.ActiveCfg = Debug|Any CPU
		{E43D5F08-2293-49EF-861B-AA7E7FED669B}.Debug|Any CPU.Build.0 = Debug|Any CPU
		{E43D5F08-2293-49EF-861B-AA7E7FED669B}.Release|Any CPU.ActiveCfg = Release|Any CPU
		{E43D5F08-2293-49EF-861B-AA7E7FED669B}.Release|Any CPU.Build.0 = Release|Any CPU
		{2EB12FEB-2469-4729-95BD-FEE3A7C8433A}.Debug|Any CPU.ActiveCfg = Debug|Any CPU
		{2EB12FEB-2469-4729-95BD-FEE3A7C8433A}.Debug|Any CPU.Build.0 = Debug|Any CPU
		{2EB12FEB-2469-4729-95BD-FEE3A7C8433A}.Release|Any CPU.ActiveCfg = Release|Any CPU
		{2EB12FEB-2469-4729-95BD-FEE3A7C8433A}.Release|Any CPU.Build.0 = Release|Any CPU
		{F606BB2B-90A1-49EE-8B72-BFFB0D85DF2A}.Debug|Any CPU.ActiveCfg = Debug|Any CPU
		{F606BB2B-90A1-49EE-8B72-BFFB0D85DF2A}.Debug|Any CPU.Build.0 = Debug|Any CPU
		{F606BB2B-90A1-49EE-8B72-BFFB0D85DF2A}.Release|Any CPU.ActiveCfg = Release|Any CPU
		{F606BB2B-90A1-49EE-8B72-BFFB0D85DF2A}.Release|Any CPU.Build.0 = Release|Any CPU
	EndGlobalSection
	GlobalSection(SolutionProperties) = preSolution
		HideSolutionNode = FALSE
	EndGlobalSection
EndGlobal
