
Microsoft Visual Studio Solution File, Format Version 12.00
# Visual Studio 14
VisualStudioVersion = 14.0.25420.1
MinimumVisualStudioVersion = 10.0.40219.1
Project("{FAE04EC0-301F-11D3-BF4B-00C04F79EFBC}") = "Guiuiui.Base", "Guiuiui.Base\Guiuiui.Base.csproj", "{C2B1A129-A67E-4E39-B921-51905ED0672A}"
EndProject
Project("{FAE04EC0-301F-11D3-BF4B-00C04F79EFBC}") = "TestBench", "TestBench\TestBench.csproj", "{65579D44-1EF7-4B63-8F2C-94A14CA3F2FC}"
	ProjectSection(ProjectDependencies) = postProject
		{E43D5F08-2293-49EF-861B-AA7E7FED669B} = {E43D5F08-2293-49EF-861B-AA7E7FED669B}
		{F606BB2B-90A1-49EE-8B72-BFFB0D85DF2A} = {F606BB2B-90A1-49EE-8B72-BFFB0D85DF2A}
		{56CD2995-A231-483A-BB87-E5563A2AC2BA} = {56CD2995-A231-483A-BB87-E5563A2AC2BA}
		{2EB12FEB-2469-4729-95BD-FEE3A7C8433A} = {2EB12FEB-2469-4729-95BD-FEE3A7C8433A}
		{998FDBEC-E68C-4DCC-B1F7-7C39DBCA26F4} = {998FDBEC-E68C-4DCC-B1F7-7C39DBCA26F4}
	EndProjectSection
EndProject
Project("{FAE04EC0-301F-11D3-BF4B-00C04F79EFBC}") = "Guiuiui.ViewModel", "Guiuiui.ViewModel\Guiuiui.ViewModel.csproj", "{4BE6803E-5A6A-4A5F-9CA1-FC038A99D8F0}"
EndProject
Project("{FAE04EC0-301F-11D3-BF4B-00C04F79EFBC}") = "Guiuiui.Tools", "Guiuiui.Tools\Guiuiui.Tools.csproj", "{2EB12FEB-2469-4729-95BD-FEE3A7C8433A}"
	ProjectSection(ProjectDependencies) = postProject
		{C2B1A129-A67E-4E39-B921-51905ED0672A} = {C2B1A129-A67E-4E39-B921-51905ED0672A}
	EndProjectSection
EndProject
Project("{FAE04EC0-301F-11D3-BF4B-00C04F79EFBC}") = "Guiuiui.Tools.Impl", "Guiuiui.Tools.Impl\Guiuiui.Tools.Impl.csproj", "{F606BB2B-90A1-49EE-8B72-BFFB0D85DF2A}"
EndProject
Project("{FAE04EC0-301F-11D3-BF4B-00C04F79EFBC}") = "Guiuiui.ViewModel.Impl", "Guiuiui.ViewModel.Impl\Guiuiui.ViewModel.Impl.csproj", "{E43D5F08-2293-49EF-861B-AA7E7FED669B}"
	ProjectSection(ProjectDependencies) = postProject
		{F606BB2B-90A1-49EE-8B72-BFFB0D85DF2A} = {F606BB2B-90A1-49EE-8B72-BFFB0D85DF2A}
	EndProjectSection
EndProject
Project("{FAE04EC0-301F-11D3-BF4B-00C04F79EFBC}") = "Guiuiui.ListView", "Guiuiui.ListView\Guiuiui.ListView.csproj", "{EA5EC808-BB74-4DD6-B699-BD32959D2E51}"
EndProject
Project("{FAE04EC0-301F-11D3-BF4B-00C04F79EFBC}") = "Guiuiui.ListView.Impl", "Guiuiui.ListView.Impl\Guiuiui.ListView.Impl.csproj", "{56CD2995-A231-483A-BB87-E5563A2AC2BA}"
	ProjectSection(ProjectDependencies) = postProject
		{E43D5F08-2293-49EF-861B-AA7E7FED669B} = {E43D5F08-2293-49EF-861B-AA7E7FED669B}
		{F606BB2B-90A1-49EE-8B72-BFFB0D85DF2A} = {F606BB2B-90A1-49EE-8B72-BFFB0D85DF2A}
	EndProjectSection
EndProject
Project("{FAE04EC0-301F-11D3-BF4B-00C04F79EFBC}") = "Guiuiui.Facade", "Guiuiui.Facade\Guiuiui.Facade.csproj", "{8263C117-0D24-4555-86B4-ECFB81BBA92D}"
	ProjectSection(ProjectDependencies) = postProject
		{E43D5F08-2293-49EF-861B-AA7E7FED669B} = {E43D5F08-2293-49EF-861B-AA7E7FED669B}
		{F606BB2B-90A1-49EE-8B72-BFFB0D85DF2A} = {F606BB2B-90A1-49EE-8B72-BFFB0D85DF2A}
		{56CD2995-A231-483A-BB87-E5563A2AC2BA} = {56CD2995-A231-483A-BB87-E5563A2AC2BA}
		{998FDBEC-E68C-4DCC-B1F7-7C39DBCA26F4} = {998FDBEC-E68C-4DCC-B1F7-7C39DBCA26F4}
	EndProjectSection
EndProject
Project("{FAE04EC0-301F-11D3-BF4B-00C04F79EFBC}") = "Guiuiui.AddRemove", "Guiuiui.AddRemove\Guiuiui.AddRemove.csproj", "{657F857F-B4C4-4F42-95D4-74345A0F20AE}"
EndProject
Project("{FAE04EC0-301F-11D3-BF4B-00C04F79EFBC}") = "Guiuiui.AddRemove.Impl", "Guiuiui.AddRemove.Impl\Guiuiui.AddRemove.Impl.csproj", "{998FDBEC-E68C-4DCC-B1F7-7C39DBCA26F4}"
EndProject
Project("{FAE04EC0-301F-11D3-BF4B-00C04F79EFBC}") = "Guiuiui.AddRemove.Buttons", "Guiuiui.AddRemove.Buttons\Guiuiui.AddRemove.Buttons.csproj", "{B8B20F3B-13E3-4DFE-9631-EF3D7DDB06DA}"
EndProject
Global
	GlobalSection(SolutionConfigurationPlatforms) = preSolution
		Debug|Any CPU = Debug|Any CPU
		Release|Any CPU = Release|Any CPU
	EndGlobalSection
	GlobalSection(ProjectConfigurationPlatforms) = postSolution
		{C2B1A129-A67E-4E39-B921-51905ED0672A}.Debug|Any CPU.ActiveCfg = Debug|Any CPU
		{C2B1A129-A67E-4E39-B921-51905ED0672A}.Debug|Any CPU.Build.0 = Debug|Any CPU
		{C2B1A129-A67E-4E39-B921-51905ED0672A}.Release|Any CPU.ActiveCfg = Release|Any CPU
		{C2B1A129-A67E-4E39-B921-51905ED0672A}.Release|Any CPU.Build.0 = Release|Any CPU
		{65579D44-1EF7-4B63-8F2C-94A14CA3F2FC}.Debug|Any CPU.ActiveCfg = Debug|Any CPU
		{65579D44-1EF7-4B63-8F2C-94A14CA3F2FC}.Debug|Any CPU.Build.0 = Debug|Any CPU
		{65579D44-1EF7-4B63-8F2C-94A14CA3F2FC}.Release|Any CPU.ActiveCfg = Release|Any CPU
		{65579D44-1EF7-4B63-8F2C-94A14CA3F2FC}.Release|Any CPU.Build.0 = Release|Any CPU
		{4BE6803E-5A6A-4A5F-9CA1-FC038A99D8F0}.Debug|Any CPU.ActiveCfg = Debug|Any CPU
		{4BE6803E-5A6A-4A5F-9CA1-FC038A99D8F0}.Debug|Any CPU.Build.0 = Debug|Any CPU
		{4BE6803E-5A6A-4A5F-9CA1-FC038A99D8F0}.Release|Any CPU.ActiveCfg = Release|Any CPU
		{4BE6803E-5A6A-4A5F-9CA1-FC038A99D8F0}.Release|Any CPU.Build.0 = Release|Any CPU
		{2EB12FEB-2469-4729-95BD-FEE3A7C8433A}.Debug|Any CPU.ActiveCfg = Debug|Any CPU
		{2EB12FEB-2469-4729-95BD-FEE3A7C8433A}.Debug|Any CPU.Build.0 = Debug|Any CPU
		{2EB12FEB-2469-4729-95BD-FEE3A7C8433A}.Release|Any CPU.ActiveCfg = Release|Any CPU
		{2EB12FEB-2469-4729-95BD-FEE3A7C8433A}.Release|Any CPU.Build.0 = Release|Any CPU
		{F606BB2B-90A1-49EE-8B72-BFFB0D85DF2A}.Debug|Any CPU.ActiveCfg = Debug|Any CPU
		{F606BB2B-90A1-49EE-8B72-BFFB0D85DF2A}.Debug|Any CPU.Build.0 = Debug|Any CPU
		{F606BB2B-90A1-49EE-8B72-BFFB0D85DF2A}.Release|Any CPU.ActiveCfg = Release|Any CPU
		{F606BB2B-90A1-49EE-8B72-BFFB0D85DF2A}.Release|Any CPU.Build.0 = Release|Any CPU
		{E43D5F08-2293-49EF-861B-AA7E7FED669B}.Debug|Any CPU.ActiveCfg = Debug|Any CPU
		{E43D5F08-2293-49EF-861B-AA7E7FED669B}.Debug|Any CPU.Build.0 = Debug|Any CPU
		{E43D5F08-2293-49EF-861B-AA7E7FED669B}.Release|Any CPU.ActiveCfg = Release|Any CPU
		{E43D5F08-2293-49EF-861B-AA7E7FED669B}.Release|Any CPU.Build.0 = Release|Any CPU
		{EA5EC808-BB74-4DD6-B699-BD32959D2E51}.Debug|Any CPU.ActiveCfg = Debug|Any CPU
		{EA5EC808-BB74-4DD6-B699-BD32959D2E51}.Debug|Any CPU.Build.0 = Debug|Any CPU
		{EA5EC808-BB74-4DD6-B699-BD32959D2E51}.Release|Any CPU.ActiveCfg = Release|Any CPU
		{EA5EC808-BB74-4DD6-B699-BD32959D2E51}.Release|Any CPU.Build.0 = Release|Any CPU
		{56CD2995-A231-483A-BB87-E5563A2AC2BA}.Debug|Any CPU.ActiveCfg = Debug|Any CPU
		{56CD2995-A231-483A-BB87-E5563A2AC2BA}.Debug|Any CPU.Build.0 = Debug|Any CPU
		{56CD2995-A231-483A-BB87-E5563A2AC2BA}.Release|Any CPU.ActiveCfg = Release|Any CPU
		{56CD2995-A231-483A-BB87-E5563A2AC2BA}.Release|Any CPU.Build.0 = Release|Any CPU
		{8263C117-0D24-4555-86B4-ECFB81BBA92D}.Debug|Any CPU.ActiveCfg = Debug|Any CPU
		{8263C117-0D24-4555-86B4-ECFB81BBA92D}.Debug|Any CPU.Build.0 = Debug|Any CPU
		{8263C117-0D24-4555-86B4-ECFB81BBA92D}.Release|Any CPU.ActiveCfg = Release|Any CPU
		{8263C117-0D24-4555-86B4-ECFB81BBA92D}.Release|Any CPU.Build.0 = Release|Any CPU
		{657F857F-B4C4-4F42-95D4-74345A0F20AE}.Debug|Any CPU.ActiveCfg = Debug|Any CPU
		{657F857F-B4C4-4F42-95D4-74345A0F20AE}.Debug|Any CPU.Build.0 = Debug|Any CPU
		{657F857F-B4C4-4F42-95D4-74345A0F20AE}.Release|Any CPU.ActiveCfg = Release|Any CPU
		{657F857F-B4C4-4F42-95D4-74345A0F20AE}.Release|Any CPU.Build.0 = Release|Any CPU
		{998FDBEC-E68C-4DCC-B1F7-7C39DBCA26F4}.Debug|Any CPU.ActiveCfg = Debug|Any CPU
		{998FDBEC-E68C-4DCC-B1F7-7C39DBCA26F4}.Debug|Any CPU.Build.0 = Debug|Any CPU
		{998FDBEC-E68C-4DCC-B1F7-7C39DBCA26F4}.Release|Any CPU.ActiveCfg = Release|Any CPU
		{998FDBEC-E68C-4DCC-B1F7-7C39DBCA26F4}.Release|Any CPU.Build.0 = Release|Any CPU
		{B8B20F3B-13E3-4DFE-9631-EF3D7DDB06DA}.Debug|Any CPU.ActiveCfg = Debug|Any CPU
		{B8B20F3B-13E3-4DFE-9631-EF3D7DDB06DA}.Debug|Any CPU.Build.0 = Debug|Any CPU
		{B8B20F3B-13E3-4DFE-9631-EF3D7DDB06DA}.Release|Any CPU.ActiveCfg = Release|Any CPU
		{B8B20F3B-13E3-4DFE-9631-EF3D7DDB06DA}.Release|Any CPU.Build.0 = Release|Any CPU
	EndGlobalSection
	GlobalSection(SolutionProperties) = preSolution
		HideSolutionNode = FALSE
	EndGlobalSection
EndGlobal
